
Microsoft Visual Studio Solution File, Format Version 12.00
# Visual Studio Version 16
VisualStudioVersion = 25.0.1704.4
MinimumVisualStudioVersion = 10.0.40219.1
Project("{FAE04EC0-301F-11D3-BF4B-00C04F79EFBC}") = "DemoMVC", "DemoMVC\DemoMVC.csproj", "{33AF68D1-688C-4C12-BF59-F9EFAA65CCA4}"
EndProject
Global
	GlobalSection(SolutionConfigurationPlatforms) = preSolution
		Debug|Any CPU = Debug|Any CPU
		Release|Any CPU = Release|Any CPU
	EndGlobalSection
	GlobalSection(ProjectConfigurationPlatforms) = postSolution
		{33AF68D1-688C-4C12-BF59-F9EFAA65CCA4}.Debug|Any CPU.ActiveCfg = Debug|Any CPU
		{33AF68D1-688C-4C12-BF59-F9EFAA65CCA4}.Debug|Any CPU.Build.0 = Debug|Any CPU
		{33AF68D1-688C-4C12-BF59-F9EFAA65CCA4}.Release|Any CPU.ActiveCfg = Release|Any CPU
		{33AF68D1-688C-4C12-BF59-F9EFAA65CCA4}.Release|Any CPU.Build.0 = Release|Any CPU
	EndGlobalSection
	GlobalSection(SolutionProperties) = preSolution
		HideSolutionNode = FALSE
	EndGlobalSection
	GlobalSection(ExtensibilityGlobals) = postSolution
		SolutionGuid = {41B7D27C-BABA-4350-9CC5-69F016E92B28}
	EndGlobalSection
EndGlobal
